
Microsoft Visual Studio Solution File, Format Version 12.00
# Visual Studio Version 16
VisualStudioVersion = 16.0.31911.196
MinimumVisualStudioVersion = 10.0.40219.1
Project("{FAE04EC0-301F-11D3-BF4B-00C04F79EFBC}") = "Project113_G3", "Project113_G3\Project113_G3.csproj", "{787D63E1-CDBF-4DFD-96E2-D1AE5AC96323}"
EndProject
Global
	GlobalSection(SolutionConfigurationPlatforms) = preSolution
		Debug|Any CPU = Debug|Any CPU
		Release|Any CPU = Release|Any CPU
	EndGlobalSection
	GlobalSection(ProjectConfigurationPlatforms) = postSolution
		{787D63E1-CDBF-4DFD-96E2-D1AE5AC96323}.Debug|Any CPU.ActiveCfg = Debug|Any CPU
		{787D63E1-CDBF-4DFD-96E2-D1AE5AC96323}.Debug|Any CPU.Build.0 = Debug|Any CPU
		{787D63E1-CDBF-4DFD-96E2-D1AE5AC96323}.Release|Any CPU.ActiveCfg = Release|Any CPU
		{787D63E1-CDBF-4DFD-96E2-D1AE5AC96323}.Release|Any CPU.Build.0 = Release|Any CPU
	EndGlobalSection
	GlobalSection(SolutionProperties) = preSolution
		HideSolutionNode = FALSE
	EndGlobalSection
	GlobalSection(ExtensibilityGlobals) = postSolution
		SolutionGuid = {DD027C71-05D1-4EC8-8D31-9873B62D3B44}
	EndGlobalSection
EndGlobal
